
Microsoft Visual Studio Solution File, Format Version 12.00
# Visual Studio Version 16
VisualStudioVersion = 16.0.30309.148
MinimumVisualStudioVersion = 10.0.40219.1
Project("{FAE04EC0-301F-11D3-BF4B-00C04F79EFBC}") = "Gmail Desktop Concept", "Gmail Desktop Concept.csproj", "{3A661C8E-8FBC-45AE-83B8-6889BFE47011}"
EndProject
Global
	GlobalSection(SolutionConfigurationPlatforms) = preSolution
		Debug|Any CPU = Debug|Any CPU
		Release|Any CPU = Release|Any CPU
	EndGlobalSection
	GlobalSection(ProjectConfigurationPlatforms) = postSolution
		{3A661C8E-8FBC-45AE-83B8-6889BFE47011}.Debug|Any CPU.ActiveCfg = Debug|Any CPU
		{3A661C8E-8FBC-45AE-83B8-6889BFE47011}.Debug|Any CPU.Build.0 = Debug|Any CPU
		{3A661C8E-8FBC-45AE-83B8-6889BFE47011}.Release|Any CPU.ActiveCfg = Release|Any CPU
		{3A661C8E-8FBC-45AE-83B8-6889BFE47011}.Release|Any CPU.Build.0 = Release|Any CPU
	EndGlobalSection
	GlobalSection(SolutionProperties) = preSolution
		HideSolutionNode = FALSE
	EndGlobalSection
	GlobalSection(ExtensibilityGlobals) = postSolution
		SolutionGuid = {08A27136-4BA6-41FA-9F9A-20510F1AD1FF}
	EndGlobalSection
EndGlobal
